
Microsoft Visual Studio Solution File, Format Version 12.00
# Visual Studio Version 17
VisualStudioVersion = 17.10.35027.167
MinimumVisualStudioVersion = 10.0.40219.1
Project("{FAE04EC0-301F-11D3-BF4B-00C04F79EFBC}") = "CNOrderApi", "CNOrderApi.csproj", "{8FF8C316-7C95-4FEF-936F-6B1DD112879D}"
EndProject
Global
	GlobalSection(SolutionConfigurationPlatforms) = preSolution
		Debug|Any CPU = Debug|Any CPU
		Release|Any CPU = Release|Any CPU
	EndGlobalSection
	GlobalSection(ProjectConfigurationPlatforms) = postSolution
		{8FF8C316-7C95-4FEF-936F-6B1DD112879D}.Debug|Any CPU.ActiveCfg = Debug|Any CPU
		{8FF8C316-7C95-4FEF-936F-6B1DD112879D}.Debug|Any CPU.Build.0 = Debug|Any CPU
		{8FF8C316-7C95-4FEF-936F-6B1DD112879D}.Release|Any CPU.ActiveCfg = Release|Any CPU
		{8FF8C316-7C95-4FEF-936F-6B1DD112879D}.Release|Any CPU.Build.0 = Release|Any CPU
	EndGlobalSection
	GlobalSection(SolutionProperties) = preSolution
		HideSolutionNode = FALSE
	EndGlobalSection
	GlobalSection(ExtensibilityGlobals) = postSolution
		SolutionGuid = {59C22B65-279C-465C-AE4B-231DEDC6606C}
	EndGlobalSection
EndGlobal
